
Microsoft Visual Studio Solution File, Format Version 12.00
# Visual Studio 2012
Project("{FAE04EC0-301F-11D3-BF4B-00C04F79EFBC}") = "BracketsAndVenues", "BracketsAndVenues\BracketsAndVenues.csproj", "{55ED1DC5-BE81-457F-B799-D79C422DE2B0}"
EndProject
Global
	GlobalSection(SolutionConfigurationPlatforms) = preSolution
		Debug|Any CPU = Debug|Any CPU
		Release|Any CPU = Release|Any CPU
	EndGlobalSection
	GlobalSection(ProjectConfigurationPlatforms) = postSolution
		{55ED1DC5-BE81-457F-B799-D79C422DE2B0}.Debug|Any CPU.ActiveCfg = Debug|Any CPU
		{55ED1DC5-BE81-457F-B799-D79C422DE2B0}.Debug|Any CPU.Build.0 = Debug|Any CPU
		{55ED1DC5-BE81-457F-B799-D79C422DE2B0}.Release|Any CPU.ActiveCfg = Release|Any CPU
		{55ED1DC5-BE81-457F-B799-D79C422DE2B0}.Release|Any CPU.Build.0 = Release|Any CPU
	EndGlobalSection
	GlobalSection(SolutionProperties) = preSolution
		HideSolutionNode = FALSE
	EndGlobalSection
EndGlobal
